// !$*UTF8*$!
{
	archiveVersion = 1;
	classes = {
	};
	objectVersion = 56;
	objects = {

/* Begin PBXBuildFile section */
		C6696CEA2B05FA480045747B /* AppDelegate.swift in Sources */ = {isa = PBXBuildFile; fileRef = C6696CE92B05FA480045747B /* AppDelegate.swift */; };
		C6696CEC2B05FA480045747B /* SceneDelegate.swift in Sources */ = {isa = PBXBuildFile; fileRef = C6696CEB2B05FA480045747B /* SceneDelegate.swift */; };
		C6696CEE2B05FA480045747B /* ViewController.swift in Sources */ = {isa = PBXBuildFile; fileRef = C6696CED2B05FA480045747B /* ViewController.swift */; };
		C6696CF12B05FA480045747B /* Main.storyboard in Resources */ = {isa = PBXBuildFile; fileRef = C6696CEF2B05FA480045747B /* Main.storyboard */; };
		C6696CF32B05FA4A0045747B /* Assets.xcassets in Resources */ = {isa = PBXBuildFile; fileRef = C6696CF22B05FA4A0045747B /* Assets.xcassets */; };
		C6696CF62B05FA4A0045747B /* LaunchScreen.storyboard in Resources */ = {isa = PBXBuildFile; fileRef = C6696CF42B05FA4A0045747B /* LaunchScreen.storyboard */; };
		C6696D012B05FA4A0045747B /* I_am_richTests.swift in Sources */ = {isa = PBXBuildFile; fileRef = C6696D002B05FA4A0045747B /* I_am_richTests.swift */; };
		C6696D0B2B05FA4A0045747B /* I_am_richUITests.swift in Sources */ = {isa = PBXBuildFile; fileRef = C6696D0A2B05FA4A0045747B /* I_am_richUITests.swift */; };
		C6696D0D2B05FA4A0045747B /* I_am_richUITestsLaunchTests.swift in Sources */ = {isa = PBXBuildFile; fileRef = C6696D0C2B05FA4A0045747B /* I_am_richUITestsLaunchTests.swift */; };
/* End PBXBuildFile section */

/* Begin PBXContainerItemProxy section */
		C6696CFD2B05FA4A0045747B /* PBXContainerItemProxy */ = {
			isa = PBXContainerItemProxy;
			containerPortal = C6696CDE2B05FA480045747B /* Project object */;
			proxyType = 1;
			remoteGlobalIDString = C6696CE52B05FA480045747B;
			remoteInfo = "I am rich";
		};
		C6696D072B05FA4A0045747B /* PBXContainerItemProxy */ = {
			isa = PBXContainerItemProxy;
			containerPortal = C6696CDE2B05FA480045747B /* Project object */;
			proxyType = 1;
			remoteGlobalIDString = C6696CE52B05FA480045747B;
			remoteInfo = "I am rich";
		};
/* End PBXContainerItemProxy section */

/* Begin PBXFileReference section */
		C6696CE62B05FA480045747B /* I am rich.app */ = {isa = PBXFileReference; explicitFileType = wrapper.application; includeInIndex = 0; path = "I am rich.app"; sourceTree = BUILT_PRODUCTS_DIR; };
		C6696CE92B05FA480045747B /* AppDelegate.swift */ = {isa = PBXFileReference; lastKnownFileType = sourcecode.swift; path = AppDelegate.swift; sourceTree = "<group>"; };
		C6696CEB2B05FA480045747B /* SceneDelegate.swift */ = {isa = PBXFileReference; lastKnownFileType = sourcecode.swift; path = SceneDelegate.swift; sourceTree = "<group>"; };
		C6696CED2B05FA480045747B /* ViewController.swift */ = {isa = PBXFileReference; lastKnownFileType = sourcecode.swift; path = ViewController.swift; sourceTree = "<group>"; };
		C6696CF02B05FA480045747B /* Base */ = {isa = PBXFileReference; lastKnownFileType = file.storyboard; name = Base; path = Base.lproj/Main.storyboard; sourceTree = "<group>"; };
		C6696CF22B05FA4A0045747B /* Assets.xcassets */ = {isa = PBXFileReference; lastKnownFileType = folder.assetcatalog; path = Assets.xcassets; sourceTree = "<group>"; };
		C6696CF52B05FA4A0045747B /* Base */ = {isa = PBXFileReference; lastKnownFileType = file.storyboard; name = Base; path = Base.lproj/LaunchScreen.storyboard; sourceTree = "<group>"; };
		C6696CF72B05FA4A0045747B /* Info.plist */ = {isa = PBXFileReference; lastKnownFileType = text.plist.xml; path = Info.plist; sourceTree = "<group>"; };
		C6696CFC2B05FA4A0045747B /* I am richTests.xctest */ = {isa = PBXFileReference; explicitFileType = wrapper.cfbundle; includeInIndex = 0; path = "I am richTests.xctest"; sourceTree = BUILT_PRODUCTS_DIR; };
		C6696D002B05FA4A0045747B /* I_am_richTests.swift */ = {isa = PBXFileReference; lastKnownFileType = sourcecode.swift; path = I_am_richTests.swift; sourceTree = "<group>"; };
		C6696D062B05FA4A0045747B /* I am richUITests.xctest */ = {isa = PBXFileReference; explicitFileType = wrapper.cfbundle; includeInIndex = 0; path = "I am richUITests.xctest"; sourceTree = BUILT_PRODUCTS_DIR; };
		C6696D0A2B05FA4A0045747B /* I_am_richUITests.swift */ = {isa = PBXFileReference; lastKnownFileType = sourcecode.swift; path = I_am_richUITests.swift; sourceTree = "<group>"; };
		C6696D0C2B05FA4A0045747B /* I_am_richUITestsLaunchTests.swift */ = {isa = PBXFileReference; lastKnownFileType = sourcecode.swift; path = I_am_richUITestsLaunchTests.swift; sourceTree = "<group>"; };
/* End PBXFileReference section */

/* Begin PBXFrameworksBuildPhase section */
		C6696CE32B05FA480045747B /* Frameworks */ = {
			isa = PBXFrameworksBuildPhase;
			buildActionMask = 2147483647;
			files = (
			);
			runOnlyForDeploymentPostprocessing = 0;
		};
		C6696CF92B05FA4A0045747B /* Frameworks */ = {
			isa = PBXFrameworksBuildPhase;
			buildActionMask = 2147483647;
			files = (
			);
			runOnlyForDeploymentPostprocessing = 0;
		};
		C6696D032B05FA4A0045747B /* Frameworks */ = {
			isa = PBXFrameworksBuildPhase;
			buildActionMask = 2147483647;
			files = (
			);
			runOnlyForDeploymentPostprocessing = 0;
		};
/* End PBXFrameworksBuildPhase section */

/* Begin PBXGroup section */
		C6696CDD2B05FA480045747B = {
			isa = PBXGroup;
			children = (
				C6696CE82B05FA480045747B /* I am rich */,
				C6696CFF2B05FA4A0045747B /* I am richTests */,
				C6696D092B05FA4A0045747B /* I am richUITests */,
				C6696CE72B05FA480045747B /* Products */,
			);
			sourceTree = "<group>";
		};
		C6696CE72B05FA480045747B /* Products */ = {
			isa = PBXGroup;
			children = (
				C6696CE62B05FA480045747B /* I am rich.app */,
				C6696CFC2B05FA4A0045747B /* I am richTests.xctest */,
				C6696D062B05FA4A0045747B /* I am richUITests.xctest */,
			);
			name = Products;
			sourceTree = "<group>";
		};
		C6696CE82B05FA480045747B /* I am rich */ = {
			isa = PBXGroup;
			children = (
				C6696CE92B05FA480045747B /* AppDelegate.swift */,
				C6696CEB2B05FA480045747B /* SceneDelegate.swift */,
				C6696CED2B05FA480045747B /* ViewController.swift */,
				C6696CEF2B05FA480045747B /* Main.storyboard */,
				C6696CF22B05FA4A0045747B /* Assets.xcassets */,
				C6696CF42B05FA4A0045747B /* LaunchScreen.storyboard */,
				C6696CF72B05FA4A0045747B /* Info.plist */,
			);
			path = "I am rich";
			sourceTree = "<group>";
		};
		C6696CFF2B05FA4A0045747B /* I am richTests */ = {
			isa = PBXGroup;
			children = (
				C6696D002B05FA4A0045747B /* I_am_richTests.swift */,
			);
			path = "I am richTests";
			sourceTree = "<group>";
		};
		C6696D092B05FA4A0045747B /* I am richUITests */ = {
			isa = PBXGroup;
			children = (
				C6696D0A2B05FA4A0045747B /* I_am_richUITests.swift */,
				C6696D0C2B05FA4A0045747B /* I_am_richUITestsLaunchTests.swift */,
			);
			path = "I am richUITests";
			sourceTree = "<group>";
		};
/* End PBXGroup section */

/* Begin PBXNativeTarget section */
		C6696CE52B05FA480045747B /* I am rich */ = {
			isa = PBXNativeTarget;
			buildConfigurationList = C6696D102B05FA4A0045747B /* Build configuration list for PBXNativeTarget "I am rich" */;
			buildPhases = (
				C6696CE22B05FA480045747B /* Sources */,
				C6696CE32B05FA480045747B /* Frameworks */,
				C6696CE42B05FA480045747B /* Resources */,
			);
			buildRules = (
			);
			dependencies = (
			);
			name = "I am rich";
			productName = "I am rich";
			productReference = C6696CE62B05FA480045747B /* I am rich.app */;
			productType = "com.apple.product-type.application";
		};
		C6696CFB2B05FA4A0045747B /* I am richTests */ = {
			isa = PBXNativeTarget;
			buildConfigurationList = C6696D132B05FA4A0045747B /* Build configuration list for PBXNativeTarget "I am richTests" */;
			buildPhases = (
				C6696CF82B05FA4A0045747B /* Sources */,
				C6696CF92B05FA4A0045747B /* Frameworks */,
				C6696CFA2B05FA4A0045747B /* Resources */,
			);
			buildRules = (
			);
			dependencies = (
				C6696CFE2B05FA4A0045747B /* PBXTargetDependency */,
			);
			name = "I am richTests";
			productName = "I am richTests";
			productReference = C6696CFC2B05FA4A0045747B /* I am richTests.xctest */;
			productType = "com.apple.product-type.bundle.unit-test";
		};
		C6696D052B05FA4A0045747B /* I am richUITests */ = {
			isa = PBXNativeTarget;
			buildConfigurationList = C6696D162B05FA4A0045747B /* Build configuration list for PBXNativeTarget "I am richUITests" */;
			buildPhases = (
				C6696D022B05FA4A0045747B /* Sources */,
				C6696D032B05FA4A0045747B /* Frameworks */,
				C6696D042B05FA4A0045747B /* Resources */,
			);
			buildRules = (
			);
			dependencies = (
				C6696D082B05FA4A0045747B /* PBXTargetDependency */,
			);
			name = "I am richUITests";
			productName = "I am richUITests";
			productReference = C6696D062B05FA4A0045747B /* I am richUITests.xctest */;
			productType = "com.apple.product-type.bundle.ui-testing";
		};
/* End PBXNativeTarget section */

/* Begin PBXProject section */
		C6696CDE2B05FA480045747B /* Project object */ = {
			isa = PBXProject;
			attributes = {
				BuildIndependentTargetsInParallel = 1;
				LastSwiftUpdateCheck = 1500;
				LastUpgradeCheck = 1500;
				TargetAttributes = {
					C6696CE52B05FA480045747B = {
						CreatedOnToolsVersion = 15.0.1;
					};
					C6696CFB2B05FA4A0045747B = {
						CreatedOnToolsVersion = 15.0.1;
						TestTargetID = C6696CE52B05FA480045747B;
					};
					C6696D052B05FA4A0045747B = {
						CreatedOnToolsVersion = 15.0.1;
						TestTargetID = C6696CE52B05FA480045747B;
					};
				};
			};
			buildConfigurationList = C6696CE12B05FA480045747B /* Build configuration list for PBXProject "I am rich" */;
			compatibilityVersion = "Xcode 14.0";
			developmentRegion = en;
			hasScannedForEncodings = 0;
			knownRegions = (
				en,
				Base,
			);
			mainGroup = C6696CDD2B05FA480045747B;
			productRefGroup = C6696CE72B05FA480045747B /* Products */;
			projectDirPath = "";
			projectRoot = "";
			targets = (
				C6696CE52B05FA480045747B /* I am rich */,
				C6696CFB2B05FA4A0045747B /* I am richTests */,
				C6696D052B05FA4A0045747B /* I am richUITests */,
			);
		};
/* End PBXProject section */

/* Begin PBXResourcesBuildPhase section */
		C6696CE42B05FA480045747B /* Resources */ = {
			isa = PBXResourcesBuildPhase;
			buildActionMask = 2147483647;
			files = (
				C6696CF62B05FA4A0045747B /* LaunchScreen.storyboard in Resources */,
				C6696CF32B05FA4A0045747B /* Assets.xcassets in Resources */,
				C6696CF12B05FA480045747B /* Main.storyboard in Resources */,
			);
			runOnlyForDeploymentPostprocessing = 0;
		};
		C6696CFA2B05FA4A0045747B /* Resources */ = {
			isa = PBXResourcesBuildPhase;
			buildActionMask = 2147483647;
			files = (
			);
			runOnlyForDeploymentPostprocessing = 0;
		};
		C6696D042B05FA4A0045747B /* Resources */ = {
			isa = PBXResourcesBuildPhase;
			buildActionMask = 2147483647;
			files = (
			);
			runOnlyForDeploymentPostprocessing = 0;
		};
/* End PBXResourcesBuildPhase section */

/* Begin PBXSourcesBuildPhase section */
		C6696CE22B05FA480045747B /* Sources */ = {
			isa = PBXSourcesBuildPhase;
			buildActionMask = 2147483647;
			files = (
				C6696CEE2B05FA480045747B /* ViewController.swift in Sources */,
				C6696CEA2B05FA480045747B /* AppDelegate.swift in Sources */,
				C6696CEC2B05FA480045747B /* SceneDelegate.swift in Sources */,
			);
			runOnlyForDeploymentPostprocessing = 0;
		};
		C6696CF82B05FA4A0045747B /* Sources */ = {
			isa = PBXSourcesBuildPhase;
			buildActionMask = 2147483647;
			files = (
				C6696D012B05FA4A0045747B /* I_am_richTests.swift in Sources */,
			);
			runOnlyForDeploymentPostprocessing = 0;
		};
		C6696D022B05FA4A0045747B /* Sources */ = {
			isa = PBXSourcesBuildPhase;
			buildActionMask = 2147483647;
			files = (
				C6696D0D2B05FA4A0045747B /* I_am_richUITestsLaunchTests.swift in Sources */,
				C6696D0B2B05FA4A0045747B /* I_am_richUITests.swift in Sources */,
			);
			runOnlyForDeploymentPostprocessing = 0;
		};
/* End PBXSourcesBuildPhase section */

/* Begin PBXTargetDependency section */
		C6696CFE2B05FA4A0045747B /* PBXTargetDependency */ = {
			isa = PBXTargetDependency;
			target = C6696CE52B05FA480045747B /* I am rich */;
			targetProxy = C6696CFD2B05FA4A0045747B /* PBXContainerItemProxy */;
		};
		C6696D082B05FA4A0045747B /* PBXTargetDependency */ = {
			isa = PBXTargetDependency;
			target = C6696CE52B05FA480045747B /* I am rich */;
			targetProxy = C6696D072B05FA4A0045747B /* PBXContainerItemProxy */;
		};
/* End PBXTargetDependency section */

/* Begin PBXVariantGroup section */
		C6696CEF2B05FA480045747B /* Main.storyboard */ = {
			isa = PBXVariantGroup;
			children = (
				C6696CF02B05FA480045747B /* Base */,
			);
			name = Main.storyboard;
			sourceTree = "<group>";
		};
		C6696CF42B05FA4A0045747B /* LaunchScreen.storyboard */ = {
			isa = PBXVariantGroup;
			children = (
				C6696CF52B05FA4A0045747B /* Base */,
			);
			name = LaunchScreen.storyboard;
			sourceTree = "<group>";
		};
/* End PBXVariantGroup section */

/* Begin XCBuildConfiguration section */
		C6696D0E2B05FA4A0045747B /* Debug */ = {
			isa = XCBuildConfiguration;
			buildSettings = {
				ALWAYS_SEARCH_USER_PATHS = NO;
				ASSETCATALOG_COMPILER_GENERATE_SWIFT_ASSET_SYMBOL_EXTENSIONS = YES;
				CLANG_ANALYZER_NONNULL = YES;
				CLANG_ANALYZER_NUMBER_OBJECT_CONVERSION = YES_AGGRESSIVE;
				CLANG_CXX_LANGUAGE_STANDARD = "gnu++20";
				CLANG_ENABLE_MODULES = YES;
				CLANG_ENABLE_OBJC_ARC = YES;
				CLANG_ENABLE_OBJC_WEAK = YES;
				CLANG_WARN_BLOCK_CAPTURE_AUTORELEASING = YES;
				CLANG_WARN_BOOL_CONVERSION = YES;
				CLANG_WARN_COMMA = YES;
				CLANG_WARN_CONSTANT_CONVERSION = YES;
				CLANG_WARN_DEPRECATED_OBJC_IMPLEMENTATIONS = YES;
				CLANG_WARN_DIRECT_OBJC_ISA_USAGE = YES_ERROR;
				CLANG_WARN_DOCUMENTATION_COMMENTS = YES;
				CLANG_WARN_EMPTY_BODY = YES;
				CLANG_WARN_ENUM_CONVERSION = YES;
				CLANG_WARN_INFINITE_RECURSION = YES;
				CLANG_WARN_INT_CONVERSION = YES;
				CLANG_WARN_NON_LITERAL_NULL_CONVERSION = YES;
				CLANG_WARN_OBJC_IMPLICIT_RETAIN_SELF = YES;
				CLANG_WARN_OBJC_LITERAL_CONVERSION = YES;
				CLANG_WARN_OBJC_ROOT_CLASS = YES_ERROR;
				CLANG_WARN_QUOTED_INCLUDE_IN_FRAMEWORK_HEADER = YES;
				CLANG_WARN_RANGE_LOOP_ANALYSIS = YES;
				CLANG_WARN_STRICT_PROTOTYPES = YES;
				CLANG_WARN_SUSPICIOUS_MOVE = YES;
				CLANG_WARN_UNGUARDED_AVAILABILITY = YES_AGGRESSIVE;
				CLANG_WARN_UNREACHABLE_CODE = YES;
				CLANG_WARN__DUPLICATE_METHOD_MATCH = YES;
				COPY_PHASE_STRIP = NO;
				DEBUG_INFORMATION_FORMAT = dwarf;
				ENABLE_STRICT_OBJC_MSGSEND = YES;
				ENABLE_TESTABILITY = YES;
				ENABLE_USER_SCRIPT_SANDBOXING = YES;
				GCC_C_LANGUAGE_STANDARD = gnu17;
				GCC_DYNAMIC_NO_PIC = NO;
				GCC_NO_COMMON_BLOCKS = YES;
				GCC_OPTIMIZATION_LEVEL = 0;
				GCC_PREPROCESSOR_DEFINITIONS = (
					"DEBUG=1",
					"$(inherited)",
				);
				GCC_WARN_64_TO_32_BIT_CONVERSION = YES;
				GCC_WARN_ABOUT_RETURN_TYPE = YES_ERROR;
				GCC_WARN_UNDECLARED_SELECTOR = YES;
				GCC_WARN_UNINITIALIZED_AUTOS = YES_AGGRESSIVE;
				GCC_WARN_UNUSED_FUNCTION = YES;
				GCC_WARN_UNUSED_VARIABLE = YES;
				IPHONEOS_DEPLOYMENT_TARGET = 17.0;
				LOCALIZATION_PREFERS_STRING_CATALOGS = YES;
				MTL_ENABLE_DEBUG_INFO = INCLUDE_SOURCE;
				MTL_FAST_MATH = YES;
				ONLY_ACTIVE_ARCH = YES;
				SDKROOT = iphoneos;
				SWIFT_ACTIVE_COMPILATION_CONDITIONS = "DEBUG $(inherited)";
				SWIFT_OPTIMIZATION_LEVEL = "-Onone";
			};
			name = Debug;
		};
		C6696D0F2B05FA4A0045747B /* Release */ = {
			isa = XCBuildConfiguration;
			buildSettings = {
				ALWAYS_SEARCH_USER_PATHS = NO;
				ASSETCATALOG_COMPILER_GENERATE_SWIFT_ASSET_SYMBOL_EXTENSIONS = YES;
				CLANG_ANALYZER_NONNULL = YES;
				CLANG_ANALYZER_NUMBER_OBJECT_CONVERSION = YES_AGGRESSIVE;
				CLANG_CXX_LANGUAGE_STANDARD = "gnu++20";
				CLANG_ENABLE_MODULES = YES;
				CLANG_ENABLE_OBJC_ARC = YES;
				CLANG_ENABLE_OBJC_WEAK = YES;
				CLANG_WARN_BLOCK_CAPTURE_AUTORELEASING = YES;
				CLANG_WARN_BOOL_CONVERSION = YES;
				CLANG_WARN_COMMA = YES;
				CLANG_WARN_CONSTANT_CONVERSION = YES;
				CLANG_WARN_DEPRECATED_OBJC_IMPLEMENTATIONS = YES;
				CLANG_WARN_DIRECT_OBJC_ISA_USAGE = YES_ERROR;
				CLANG_WARN_DOCUMENTATION_COMMENTS = YES;
				CLANG_WARN_EMPTY_BODY = YES;
				CLANG_WARN_ENUM_CONVERSION = YES;
				CLANG_WARN_INFINITE_RECURSION = YES;
				CLANG_WARN_INT_CONVERSION = YES;
				CLANG_WARN_NON_LITERAL_NULL_CONVERSION = YES;
				CLANG_WARN_OBJC_IMPLICIT_RETAIN_SELF = YES;
				CLANG_WARN_OBJC_LITERAL_CONVERSION = YES;
				CLANG_WARN_OBJC_ROOT_CLASS = YES_ERROR;
				CLANG_WARN_QUOTED_INCLUDE_IN_FRAMEWORK_HEADER = YES;
				CLANG_WARN_RANGE_LOOP_ANALYSIS = YES;
				CLANG_WARN_STRICT_PROTOTYPES = YES;
				CLANG_WARN_SUSPICIOUS_MOVE = YES;
				CLANG_WARN_UNGUARDED_AVAILABILITY = YES_AGGRESSIVE;
				CLANG_WARN_UNREACHABLE_CODE = YES;
				CLANG_WARN__DUPLICATE_METHOD_MATCH = YES;
				COPY_PHASE_STRIP = NO;
				DEBUG_INFORMATION_FORMAT = "dwarf-with-dsym";
				ENABLE_NS_ASSERTIONS = NO;
				ENABLE_STRICT_OBJC_MSGSEND = YES;
				ENABLE_USER_SCRIPT_SANDBOXING = YES;
				GCC_C_LANGUAGE_STANDARD = gnu17;
				GCC_NO_COMMON_BLOCKS = YES;
				GCC_WARN_64_TO_32_BIT_CONVERSION = YES;
				GCC_WARN_ABOUT_RETURN_TYPE = YES_ERROR;
				GCC_WARN_UNDECLARED_SELECTOR = YES;
				GCC_WARN_UNINITIALIZED_AUTOS = YES_AGGRESSIVE;
				GCC_WARN_UNUSED_FUNCTION = YES;
				GCC_WARN_UNUSED_VARIABLE = YES;
				IPHONEOS_DEPLOYMENT_TARGET = 17.0;
				LOCALIZATION_PREFERS_STRING_CATALOGS = YES;
				MTL_ENABLE_DEBUG_INFO = NO;
				MTL_FAST_MATH = YES;
				SDKROOT = iphoneos;
				SWIFT_COMPILATION_MODE = wholemodule;
				VALIDATE_PRODUCT = YES;
			};
			name = Release;
		};
		C6696D112B05FA4A0045747B /* Debug */ = {
			isa = XCBuildConfiguration;
			buildSettings = {
				ASSETCATALOG_COMPILER_APPICON_NAME = AppIcon;
				ASSETCATALOG_COMPILER_GLOBAL_ACCENT_COLOR_NAME = AccentColor;
				CODE_SIGN_STYLE = Automatic;
				CURRENT_PROJECT_VERSION = 1;
				GENERATE_INFOPLIST_FILE = YES;
				INFOPLIST_FILE = "I am rich/Info.plist";
				INFOPLIST_KEY_UIApplicationSupportsIndirectInputEvents = YES;
				INFOPLIST_KEY_UILaunchStoryboardName = LaunchScreen;
				INFOPLIST_KEY_UIMainStoryboardFile = Main;
				INFOPLIST_KEY_UISupportedInterfaceOrientations_iPad = "UIInterfaceOrientationPortrait UIInterfaceOrientationPortraitUpsideDown UIInterfaceOrientationLandscapeLeft UIInterfaceOrientationLandscapeRight";
				INFOPLIST_KEY_UISupportedInterfaceOrientations_iPhone = "UIInterfaceOrientationPortrait UIInterfaceOrientationLandscapeLeft UIInterfaceOrientationLandscapeRight";
				LD_RUNPATH_SEARCH_PATHS = (
					"$(inherited)",
					"@executable_path/Frameworks",
				);
				MARKETING_VERSION = 1.0;
				PRODUCT_BUNDLE_IDENTIFIER = "com.Aryan.I-am-rich";
				PRODUCT_NAME = "$(TARGET_NAME)";
				SWIFT_EMIT_LOC_STRINGS = YES;
				SWIFT_VERSION = 5.0;
				TARGETED_DEVICE_FAMILY = "1,2";
			};
			name = Debug;
		};
		C6696D122B05FA4A0045747B /* Release */ = {
			isa = XCBuildConfiguration;
			buildSettings = {
				ASSETCATALOG_COMPILER_APPICON_NAME = AppIcon;
				ASSETCATALOG_COMPILER_GLOBAL_ACCENT_COLOR_NAME = AccentColor;
				CODE_SIGN_STYLE = Automatic;
				CURRENT_PROJECT_VERSION = 1;
				GENERATE_INFOPLIST_FILE = YES;
				INFOPLIST_FILE = "I am rich/Info.plist";
				INFOPLIST_KEY_UIApplicationSupportsIndirectInputEvents = YES;
				INFOPLIST_KEY_UILaunchStoryboardName = LaunchScreen;
				INFOPLIST_KEY_UIMainStoryboardFile = Main;
				INFOPLIST_KEY_UISupportedInterfaceOrientations_iPad = "UIInterfaceOrientationPortrait UIInterfaceOrientationPortraitUpsideDown UIInterfaceOrientationLandscapeLeft UIInterfaceOrientationLandscapeRight";
				INFOPLIST_KEY_UISupportedInterfaceOrientations_iPhone = "UIInterfaceOrientationPortrait UIInterfaceOrientationLandscapeLeft UIInterfaceOrientationLandscapeRight";
				LD_RUNPATH_SEARCH_PATHS = (
					"$(inherited)",
					"@executable_path/Frameworks",
				);
				MARKETING_VERSION = 1.0;
				PRODUCT_BUNDLE_IDENTIFIER = "com.Aryan.I-am-rich";
				PRODUCT_NAME = "$(TARGET_NAME)";
				SWIFT_EMIT_LOC_STRINGS = YES;
				SWIFT_VERSION = 5.0;
				TARGETED_DEVICE_FAMILY = "1,2";
			};
			name = Release;
		};
		C6696D142B05FA4A0045747B /* Debug */ = {
			isa = XCBuildConfiguration;
			buildSettings = {
				ALWAYS_EMBED_SWIFT_STANDARD_LIBRARIES = YES;
				BUNDLE_LOADER = "$(TEST_HOST)";
				CODE_SIGN_STYLE = Automatic;
				CURRENT_PROJECT_VERSION = 1;
				GENERATE_INFOPLIST_FILE = YES;
				IPHONEOS_DEPLOYMENT_TARGET = 17.0;
				MARKETING_VERSION = 1.0;
				PRODUCT_BUNDLE_IDENTIFIER = "com.Aryan.I-am-richTests";
				PRODUCT_NAME = "$(TARGET_NAME)";
				SWIFT_EMIT_LOC_STRINGS = NO;
				SWIFT_VERSION = 5.0;
				TARGETED_DEVICE_FAMILY = "1,2";
				TEST_HOST = "$(BUILT_PRODUCTS_DIR)/I am rich.app/$(BUNDLE_EXECUTABLE_FOLDER_PATH)/I am rich";
			};
			name = Debug;
		};
		C6696D152B05FA4A0045747B /* Release */ = {
			isa = XCBuildConfiguration;
			buildSettings = {
				ALWAYS_EMBED_SWIFT_STANDARD_LIBRARIES = YES;
				BUNDLE_LOADER = "$(TEST_HOST)";
				CODE_SIGN_STYLE = Automatic;
				CURRENT_PROJECT_VERSION = 1;
				GENERATE_INFOPLIST_FILE = YES;
				IPHONEOS_DEPLOYMENT_TARGET = 17.0;
				MARKETING_VERSION = 1.0;
				PRODUCT_BUNDLE_IDENTIFIER = "com.Aryan.I-am-richTests";
				PRODUCT_NAME = "$(TARGET_NAME)";
				SWIFT_EMIT_LOC_STRINGS = NO;
				SWIFT_VERSION = 5.0;
				TARGETED_DEVICE_FAMILY = "1,2";
				TEST_HOST = "$(BUILT_PRODUCTS_DIR)/I am rich.app/$(BUNDLE_EXECUTABLE_FOLDER_PATH)/I am rich";
			};
			name = Release;
		};
		C6696D172B05FA4A0045747B /* Debug */ = {
			isa = XCBuildConfiguration;
			buildSettings = {
				ALWAYS_EMBED_SWIFT_STANDARD_LIBRARIES = YES;
				CODE_SIGN_STYLE = Automatic;
				CURRENT_PROJECT_VERSION = 1;
				GENERATE_INFOPLIST_FILE = YES;
				MARKETING_VERSION = 1.0;
				PRODUCT_BUNDLE_IDENTIFIER = "com.Aryan.I-am-richUITests";
				PRODUCT_NAME = "$(TARGET_NAME)";
				SWIFT_EMIT_LOC_STRINGS = NO;
				SWIFT_VERSION = 5.0;
				TARGETED_DEVICE_FAMILY = "1,2";
				TEST_TARGET_NAME = "I am rich";
			};
			name = Debug;
		};
		C6696D182B05FA4A0045747B /* Release */ = {
			isa = XCBuildConfiguration;
			buildSettings = {
				ALWAYS_EMBED_SWIFT_STANDARD_LIBRARIES = YES;
				CODE_SIGN_STYLE = Automatic;
				CURRENT_PROJECT_VERSION = 1;
				GENERATE_INFOPLIST_FILE = YES;
				MARKETING_VERSION = 1.0;
				PRODUCT_BUNDLE_IDENTIFIER = "com.Aryan.I-am-richUITests";
				PRODUCT_NAME = "$(TARGET_NAME)";
				SWIFT_EMIT_LOC_STRINGS = NO;
				SWIFT_VERSION = 5.0;
				TARGETED_DEVICE_FAMILY = "1,2";
				TEST_TARGET_NAME = "I am rich";
			};
			name = Release;
		};
/* End XCBuildConfiguration section */

/* Begin XCConfigurationList section */
		C6696CE12B05FA480045747B /* Build configuration list for PBXProject "I am rich" */ = {
			isa = XCConfigurationList;
			buildConfigurations = (
				C6696D0E2B05FA4A0045747B /* Debug */,
				C6696D0F2B05FA4A0045747B /* Release */,
			);
			defaultConfigurationIsVisible = 0;
			defaultConfigurationName = Release;
		};
		C6696D102B05FA4A0045747B /* Build configuration list for PBXNativeTarget "I am rich" */ = {
			isa = XCConfigurationList;
			buildConfigurations = (
				C6696D112B05FA4A0045747B /* Debug */,
				C6696D122B05FA4A0045747B /* Release */,
			);
			defaultConfigurationIsVisible = 0;
			defaultConfigurationName = Release;
		};
		C6696D132B05FA4A0045747B /* Build configuration list for PBXNativeTarget "I am richTests" */ = {
			isa = XCConfigurationList;
			buildConfigurations = (
				C6696D142B05FA4A0045747B /* Debug */,
				C6696D152B05FA4A0045747B /* Release */,
			);
			defaultConfigurationIsVisible = 0;
			defaultConfigurationName = Release;
		};
		C6696D162B05FA4A0045747B /* Build configuration list for PBXNativeTarget "I am richUITests" */ = {
			isa = XCConfigurationList;
			buildConfigurations = (
				C6696D172B05FA4A0045747B /* Debug */,
				C6696D182B05FA4A0045747B /* Release */,
			);
			defaultConfigurationIsVisible = 0;
			defaultConfigurationName = Release;
		};
/* End XCConfigurationList section */
	};
	rootObject = C6696CDE2B05FA480045747B /* Project object */;
}
